// !$*UTF8*$!
{
	archiveVersion = 1;
	classes = {
	};
	objectVersion = 46;
	objects = {

/* Begin PBXBuildFile section */
		D5038E821D80A3B7008AAAD4 /* EZJsonArrayTests.swift in Sources */ = {isa = PBXBuildFile; fileRef = D5038E811D80A3B7008AAAD4 /* EZJsonArrayTests.swift */; };
		D54E0C951D1168DB00081292 /* EZJson.h in Headers */ = {isa = PBXBuildFile; fileRef = D54E0C941D1168DB00081292 /* EZJson.h */; settings = {ATTRIBUTES = (Public, ); }; };
		D54E0C9C1D1168DB00081292 /* EZJson.framework in Frameworks */ = {isa = PBXBuildFile; fileRef = D54E0C911D1168DB00081292 /* EZJson.framework */; };
		D54E0CA11D1168DB00081292 /* EZJsonTests.swift in Sources */ = {isa = PBXBuildFile; fileRef = D54E0CA01D1168DB00081292 /* EZJsonTests.swift */; };
		D54E0CAE1D11696400081292 /* JSON.swift in Sources */ = {isa = PBXBuildFile; fileRef = D54E0CAD1D11696400081292 /* JSON.swift */; };
		D54E0CB01D1169A500081292 /* Extensions.swift in Sources */ = {isa = PBXBuildFile; fileRef = D54E0CAF1D1169A500081292 /* Extensions.swift */; };
		D54E0CB21D1182B500081292 /* JSONError.swift in Sources */ = {isa = PBXBuildFile; fileRef = D54E0CB11D1182B500081292 /* JSONError.swift */; };
		D54E0CBA1D11858100081292 /* JSONDecodable.swift in Sources */ = {isa = PBXBuildFile; fileRef = D54E0CB91D11858100081292 /* JSONDecodable.swift */; };
/* End PBXBuildFile section */

/* Begin PBXContainerItemProxy section */
		D54E0C9D1D1168DB00081292 /* PBXContainerItemProxy */ = {
			isa = PBXContainerItemProxy;
			containerPortal = D54E0C881D1168DB00081292 /* Project object */;
			proxyType = 1;
			remoteGlobalIDString = D54E0C901D1168DB00081292;
			remoteInfo = EZJson;
		};
/* End PBXContainerItemProxy section */

/* Begin PBXCopyFilesBuildPhase section */
		D5732B331D1A75D9000E143A /* CopyFiles */ = {
			isa = PBXCopyFilesBuildPhase;
			buildActionMask = 2147483647;
			dstPath = "";
			dstSubfolderSpec = 10;
			files = (
			);
			runOnlyForDeploymentPostprocessing = 0;
		};
		D5732B351D1A75F4000E143A /* CopyFiles */ = {
			isa = PBXCopyFilesBuildPhase;
			buildActionMask = 2147483647;
			dstPath = "";
			dstSubfolderSpec = 10;
			files = (
			);
			runOnlyForDeploymentPostprocessing = 0;
		};
/* End PBXCopyFilesBuildPhase section */

/* Begin PBXFileReference section */
		D5038E811D80A3B7008AAAD4 /* EZJsonArrayTests.swift */ = {isa = PBXFileReference; fileEncoding = 4; lastKnownFileType = sourcecode.swift; path = EZJsonArrayTests.swift; sourceTree = "<group>"; };
		D54E0C911D1168DB00081292 /* EZJson.framework */ = {isa = PBXFileReference; explicitFileType = wrapper.framework; includeInIndex = 0; path = EZJson.framework; sourceTree = BUILT_PRODUCTS_DIR; };
		D54E0C941D1168DB00081292 /* EZJson.h */ = {isa = PBXFileReference; lastKnownFileType = sourcecode.c.h; path = EZJson.h; sourceTree = "<group>"; };
		D54E0C961D1168DB00081292 /* Info.plist */ = {isa = PBXFileReference; lastKnownFileType = text.plist.xml; path = Info.plist; sourceTree = "<group>"; };
		D54E0C9B1D1168DB00081292 /* EZJsonTests.xctest */ = {isa = PBXFileReference; explicitFileType = wrapper.cfbundle; includeInIndex = 0; path = EZJsonTests.xctest; sourceTree = BUILT_PRODUCTS_DIR; };
		D54E0CA01D1168DB00081292 /* EZJsonTests.swift */ = {isa = PBXFileReference; lastKnownFileType = sourcecode.swift; path = EZJsonTests.swift; sourceTree = "<group>"; };
		D54E0CA21D1168DB00081292 /* Info.plist */ = {isa = PBXFileReference; lastKnownFileType = text.plist.xml; path = Info.plist; sourceTree = "<group>"; };
		D54E0CAD1D11696400081292 /* JSON.swift */ = {isa = PBXFileReference; fileEncoding = 4; lastKnownFileType = sourcecode.swift; path = JSON.swift; sourceTree = "<group>"; };
		D54E0CAF1D1169A500081292 /* Extensions.swift */ = {isa = PBXFileReference; fileEncoding = 4; lastKnownFileType = sourcecode.swift; path = Extensions.swift; sourceTree = "<group>"; };
		D54E0CB11D1182B500081292 /* JSONError.swift */ = {isa = PBXFileReference; fileEncoding = 4; lastKnownFileType = sourcecode.swift; path = JSONError.swift; sourceTree = "<group>"; };
		D54E0CB91D11858100081292 /* JSONDecodable.swift */ = {isa = PBXFileReference; fileEncoding = 4; lastKnownFileType = sourcecode.swift; path = JSONDecodable.swift; sourceTree = "<group>"; };
/* End PBXFileReference section */

/* Begin PBXFrameworksBuildPhase section */
		D54E0C8D1D1168DB00081292 /* Frameworks */ = {
			isa = PBXFrameworksBuildPhase;
			buildActionMask = 2147483647;
			files = (
			);
			runOnlyForDeploymentPostprocessing = 0;
		};
		D54E0C981D1168DB00081292 /* Frameworks */ = {
			isa = PBXFrameworksBuildPhase;
			buildActionMask = 2147483647;
			files = (
				D54E0C9C1D1168DB00081292 /* EZJson.framework in Frameworks */,
			);
			runOnlyForDeploymentPostprocessing = 0;
		};
/* End PBXFrameworksBuildPhase section */

/* Begin PBXGroup section */
		D54E0C871D1168DB00081292 = {
			isa = PBXGroup;
			children = (
				D54E0C931D1168DB00081292 /* EZJson */,
				D54E0C9F1D1168DB00081292 /* EZJsonTests */,
				D54E0C921D1168DB00081292 /* Products */,
			);
			sourceTree = "<group>";
		};
		D54E0C921D1168DB00081292 /* Products */ = {
			isa = PBXGroup;
			children = (
				D54E0C911D1168DB00081292 /* EZJson.framework */,
				D54E0C9B1D1168DB00081292 /* EZJsonTests.xctest */,
			);
			name = Products;
			sourceTree = "<group>";
		};
		D54E0C931D1168DB00081292 /* EZJson */ = {
			isa = PBXGroup;
			children = (
				D54E0CAC1D11695100081292 /* Types */,
				D54E0CAB1D11695100081292 /* Extensions */,
				D54E0C941D1168DB00081292 /* EZJson.h */,
				D54E0C961D1168DB00081292 /* Info.plist */,
			);
			path = EZJson;
			sourceTree = "<group>";
		};
		D54E0C9F1D1168DB00081292 /* EZJsonTests */ = {
			isa = PBXGroup;
			children = (
				D54E0CA01D1168DB00081292 /* EZJsonTests.swift */,
				D54E0CA21D1168DB00081292 /* Info.plist */,
				D5038E811D80A3B7008AAAD4 /* EZJsonArrayTests.swift */,
			);
			path = EZJsonTests;
			sourceTree = "<group>";
		};
		D54E0CAB1D11695100081292 /* Extensions */ = {
			isa = PBXGroup;
			children = (
				D54E0CAF1D1169A500081292 /* Extensions.swift */,
			);
			path = Extensions;
			sourceTree = "<group>";
		};
		D54E0CAC1D11695100081292 /* Types */ = {
			isa = PBXGroup;
			children = (
				D54E0CAD1D11696400081292 /* JSON.swift */,
				D54E0CB11D1182B500081292 /* JSONError.swift */,
				D54E0CB91D11858100081292 /* JSONDecodable.swift */,
			);
			path = Types;
			sourceTree = "<group>";
		};
/* End PBXGroup section */

/* Begin PBXHeadersBuildPhase section */
		D54E0C8E1D1168DB00081292 /* Headers */ = {
			isa = PBXHeadersBuildPhase;
			buildActionMask = 2147483647;
			files = (
				D54E0C951D1168DB00081292 /* EZJson.h in Headers */,
			);
			runOnlyForDeploymentPostprocessing = 0;
		};
/* End PBXHeadersBuildPhase section */

/* Begin PBXNativeTarget section */
		D54E0C901D1168DB00081292 /* EZJson */ = {
			isa = PBXNativeTarget;
			buildConfigurationList = D54E0CA51D1168DB00081292 /* Build configuration list for PBXNativeTarget "EZJson" */;
			buildPhases = (
				D54E0C8C1D1168DB00081292 /* Sources */,
				D54E0C8D1D1168DB00081292 /* Frameworks */,
				D54E0C8E1D1168DB00081292 /* Headers */,
				D54E0C8F1D1168DB00081292 /* Resources */,
				D5732B331D1A75D9000E143A /* CopyFiles */,
				D5038E851D80AF3D008AAAD4 /* ShellScript */,
			);
			buildRules = (
			);
			dependencies = (
			);
			name = EZJson;
			productName = EZJson;
			productReference = D54E0C911D1168DB00081292 /* EZJson.framework */;
			productType = "com.apple.product-type.framework";
		};
		D54E0C9A1D1168DB00081292 /* EZJsonTests */ = {
			isa = PBXNativeTarget;
			buildConfigurationList = D54E0CA81D1168DB00081292 /* Build configuration list for PBXNativeTarget "EZJsonTests" */;
			buildPhases = (
				D54E0C971D1168DB00081292 /* Sources */,
				D54E0C981D1168DB00081292 /* Frameworks */,
				D54E0C991D1168DB00081292 /* Resources */,
				D5732B351D1A75F4000E143A /* CopyFiles */,
			);
			buildRules = (
			);
			dependencies = (
				D54E0C9E1D1168DB00081292 /* PBXTargetDependency */,
			);
			name = EZJsonTests;
			productName = EZJsonTests;
			productReference = D54E0C9B1D1168DB00081292 /* EZJsonTests.xctest */;
			productType = "com.apple.product-type.bundle.unit-test";
		};
/* End PBXNativeTarget section */

/* Begin PBXProject section */
		D54E0C881D1168DB00081292 /* Project object */ = {
			isa = PBXProject;
			attributes = {
				LastSwiftUpdateCheck = 0730;
				LastUpgradeCheck = 0730;
				ORGANIZATIONNAME = Konshin;
				TargetAttributes = {
					D54E0C901D1168DB00081292 = {
						CreatedOnToolsVersion = 7.3.1;
					};
					D54E0C9A1D1168DB00081292 = {
						CreatedOnToolsVersion = 7.3.1;
					};
				};
			};
			buildConfigurationList = D54E0C8B1D1168DB00081292 /* Build configuration list for PBXProject "EZJson" */;
			compatibilityVersion = "Xcode 3.2";
			developmentRegion = English;
			hasScannedForEncodings = 0;
			knownRegions = (
				en,
			);
			mainGroup = D54E0C871D1168DB00081292;
			productRefGroup = D54E0C921D1168DB00081292 /* Products */;
			projectDirPath = "";
			projectRoot = "";
			targets = (
				D54E0C901D1168DB00081292 /* EZJson */,
				D54E0C9A1D1168DB00081292 /* EZJsonTests */,
			);
		};
/* End PBXProject section */

/* Begin PBXResourcesBuildPhase section */
		D54E0C8F1D1168DB00081292 /* Resources */ = {
			isa = PBXResourcesBuildPhase;
			buildActionMask = 2147483647;
			files = (
			);
			runOnlyForDeploymentPostprocessing = 0;
		};
		D54E0C991D1168DB00081292 /* Resources */ = {
			isa = PBXResourcesBuildPhase;
			buildActionMask = 2147483647;
			files = (
			);
			runOnlyForDeploymentPostprocessing = 0;
		};
/* End PBXResourcesBuildPhase section */

/* Begin PBXShellScriptBuildPhase section */
		D5038E851D80AF3D008AAAD4 /* ShellScript */ = {
			isa = PBXShellScriptBuildPhase;
			buildActionMask = 2147483647;
			files = (
			);
			inputPaths = (
			);
			outputPaths = (
			);
			runOnlyForDeploymentPostprocessing = 0;
			shellPath = /bin/sh;
			shellScript = "######################\n# Options\n######################\n\nREVEAL_ARCHIVE_IN_FINDER=false\n\nFRAMEWORK_NAME=\"${PROJECT_NAME}\"\n\nSIMULATOR_LIBRARY_PATH=\"${BUILD_DIR}/${CONFIGURATION}-iphonesimulator/${FRAMEWORK_NAME}.framework\"\n\nDEVICE_LIBRARY_PATH=\"${BUILD_DIR}/${CONFIGURATION}-iphoneos/${FRAMEWORK_NAME}.framework\"\n\nUNIVERSAL_LIBRARY_DIR=\"${BUILD_DIR}/${CONFIGURATION}-iphoneuniversal\"\n\nFRAMEWORK=\"${UNIVERSAL_LIBRARY_DIR}/${FRAMEWORK_NAME}.framework\"\n\n\n######################\n# Build Frameworks\n######################\n\nxcodebuild -workspace ${PROJECT_NAME}.xcworkspace -scheme ${PROJECT_NAME} -sdk iphonesimulator -configuration ${CONFIGURATION} clean build CONFIGURATION_BUILD_DIR=${BUILD_DIR}/${CONFIGURATION}-iphonesimulator 2>&1\n\nxcodebuild -workspace ${PROJECT_NAME}.xcworkspace -scheme ${PROJECT_NAME} -sdk iphoneos -configuration ${CONFIGURATION} clean build CONFIGURATION_BUILD_DIR=${BUILD_DIR}/${CONFIGURATION}-iphoneos 2>&1\n\n######################\n# Create directory for universal\n######################\n\nrm -rf \"${UNIVERSAL_LIBRARY_DIR}\"\n\nmkdir \"${UNIVERSAL_LIBRARY_DIR}\"\n\nmkdir \"${FRAMEWORK}\"\n\n\n######################\n# Copy files Framework\n######################\n\ncp -r \"${DEVICE_LIBRARY_PATH}/.\" \"${FRAMEWORK}\"\n\n\n######################\n# Make an universal binary\n######################\n\nlipo \"${SIMULATOR_LIBRARY_PATH}/${FRAMEWORK_NAME}\" \"${DEVICE_LIBRARY_PATH}/${FRAMEWORK_NAME}\" -create -output \"${FRAMEWORK}/${FRAMEWORK_NAME}\" | echo\n\n# For Swift framework, Swiftmodule needs to be copied in the universal framework\nif [ -d \"${SIMULATOR_LIBRARY_PATH}/Modules/${FRAMEWORK_NAME}.swiftmodule/\" ]; then\ncp -f ${SIMULATOR_LIBRARY_PATH}/Modules/${FRAMEWORK_NAME}.swiftmodule/* \"${FRAMEWORK}/Modules/${FRAMEWORK_NAME}.swiftmodule/\" | echo\n                                                                      fi\n                                                                      \n                                                                      if [ -d \"${DEVICE_LIBRARY_PATH}/Modules/${FRAMEWORK_NAME}.swiftmodule/\" ]; then\n                                                                      cp -f ${DEVICE_LIBRARY_PATH}/Modules/${FRAMEWORK_NAME}.swiftmodule/* \"${FRAMEWORK}/Modules/${FRAMEWORK_NAME}.swiftmodule/\" | echo\n                                                                      fi\n                                                                      \n                                                                      ######################\n                                                                      # On Release, copy the result to release directory\n                                                                      ######################\n                                                                      OUTPUT_DIR=\"${PROJECT_DIR}/Output/${FRAMEWORK_NAME}-${CONFIGURATION}-iphoneuniversal/\"\n                                                                      \n                                                                      rm -rf \"$OUTPUT_DIR\"\n                                                                      mkdir -p \"$OUTPUT_DIR\"\n                                                                      \n                                                                      cp -r \"${FRAMEWORK}\" \"$OUTPUT_DIR\"\n                                                                      \n                                                                      if [ ${REVEAL_ARCHIVE_IN_FINDER} = true ]; then\n                                                                      open \"${OUTPUT_DIR}/\"\n                                                                      fi";
		};
/* End PBXShellScriptBuildPhase section */

/* Begin PBXSourcesBuildPhase section */
		D54E0C8C1D1168DB00081292 /* Sources */ = {
			isa = PBXSourcesBuildPhase;
			buildActionMask = 2147483647;
			files = (
				D54E0CB21D1182B500081292 /* JSONError.swift in Sources */,
				D54E0CAE1D11696400081292 /* JSON.swift in Sources */,
				D54E0CB01D1169A500081292 /* Extensions.swift in Sources */,
				D54E0CBA1D11858100081292 /* JSONDecodable.swift in Sources */,
			);
			runOnlyForDeploymentPostprocessing = 0;
		};
		D54E0C971D1168DB00081292 /* Sources */ = {
			isa = PBXSourcesBuildPhase;
			buildActionMask = 2147483647;
			files = (
				D5038E821D80A3B7008AAAD4 /* EZJsonArrayTests.swift in Sources */,
				D54E0CA11D1168DB00081292 /* EZJsonTests.swift in Sources */,
			);
			runOnlyForDeploymentPostprocessing = 0;
		};
/* End PBXSourcesBuildPhase section */

/* Begin PBXTargetDependency section */
		D54E0C9E1D1168DB00081292 /* PBXTargetDependency */ = {
			isa = PBXTargetDependency;
			target = D54E0C901D1168DB00081292 /* EZJson */;
			targetProxy = D54E0C9D1D1168DB00081292 /* PBXContainerItemProxy */;
		};
/* End PBXTargetDependency section */

/* Begin XCBuildConfiguration section */
		D54E0CA31D1168DB00081292 /* Debug */ = {
			isa = XCBuildConfiguration;
			buildSettings = {
				ALWAYS_SEARCH_USER_PATHS = NO;
				CLANG_ANALYZER_NONNULL = YES;
				CLANG_CXX_LANGUAGE_STANDARD = "gnu++0x";
				CLANG_CXX_LIBRARY = "libc++";
				CLANG_ENABLE_MODULES = YES;
				CLANG_ENABLE_OBJC_ARC = YES;
				CLANG_WARN_BOOL_CONVERSION = YES;
				CLANG_WARN_CONSTANT_CONVERSION = YES;
				CLANG_WARN_DIRECT_OBJC_ISA_USAGE = YES_ERROR;
				CLANG_WARN_EMPTY_BODY = YES;
				CLANG_WARN_ENUM_CONVERSION = YES;
				CLANG_WARN_INT_CONVERSION = YES;
				CLANG_WARN_OBJC_ROOT_CLASS = YES_ERROR;
				CLANG_WARN_UNREACHABLE_CODE = YES;
				CLANG_WARN__DUPLICATE_METHOD_MATCH = YES;
				"CODE_SIGN_IDENTITY[sdk=iphoneos*]" = "iPhone Developer";
				COPY_PHASE_STRIP = NO;
				CURRENT_PROJECT_VERSION = 1;
				DEBUG_INFORMATION_FORMAT = dwarf;
				ENABLE_STRICT_OBJC_MSGSEND = YES;
				ENABLE_TESTABILITY = YES;
				GCC_C_LANGUAGE_STANDARD = gnu99;
				GCC_DYNAMIC_NO_PIC = NO;
				GCC_NO_COMMON_BLOCKS = YES;
				GCC_OPTIMIZATION_LEVEL = 0;
				GCC_PREPROCESSOR_DEFINITIONS = (
					"DEBUG=1",
					"$(inherited)",
				);
				GCC_WARN_64_TO_32_BIT_CONVERSION = YES;
				GCC_WARN_ABOUT_RETURN_TYPE = YES_ERROR;
				GCC_WARN_UNDECLARED_SELECTOR = YES;
				GCC_WARN_UNINITIALIZED_AUTOS = YES_AGGRESSIVE;
				GCC_WARN_UNUSED_FUNCTION = YES;
				GCC_WARN_UNUSED_VARIABLE = YES;
				IPHONEOS_DEPLOYMENT_TARGET = 9.3;
				MTL_ENABLE_DEBUG_INFO = YES;
				ONLY_ACTIVE_ARCH = YES;
				SDKROOT = iphoneos;
				SWIFT_OPTIMIZATION_LEVEL = "-Onone";
				TARGETED_DEVICE_FAMILY = "1,2";
				VERSIONING_SYSTEM = "apple-generic";
				VERSION_INFO_PREFIX = "";
			};
			name = Debug;
		};
		D54E0CA41D1168DB00081292 /* Release */ = {
			isa = XCBuildConfiguration;
			buildSettings = {
				ALWAYS_SEARCH_USER_PATHS = NO;
				CLANG_ANALYZER_NONNULL = YES;
				CLANG_CXX_LANGUAGE_STANDARD = "gnu++0x";
				CLANG_CXX_LIBRARY = "libc++";
				CLANG_ENABLE_MODULES = YES;
				CLANG_ENABLE_OBJC_ARC = YES;
				CLANG_WARN_BOOL_CONVERSION = YES;
				CLANG_WARN_CONSTANT_CONVERSION = YES;
				CLANG_WARN_DIRECT_OBJC_ISA_USAGE = YES_ERROR;
				CLANG_WARN_EMPTY_BODY = YES;
				CLANG_WARN_ENUM_CONVERSION = YES;
				CLANG_WARN_INT_CONVERSION = YES;
				CLANG_WARN_OBJC_ROOT_CLASS = YES_ERROR;
				CLANG_WARN_UNREACHABLE_CODE = YES;
				CLANG_WARN__DUPLICATE_METHOD_MATCH = YES;
				"CODE_SIGN_IDENTITY[sdk=iphoneos*]" = "iPhone Developer";
				COPY_PHASE_STRIP = NO;
				CURRENT_PROJECT_VERSION = 1;
				DEBUG_INFORMATION_FORMAT = "dwarf-with-dsym";
				ENABLE_NS_ASSERTIONS = NO;
				ENABLE_STRICT_OBJC_MSGSEND = YES;
				GCC_C_LANGUAGE_STANDARD = gnu99;
				GCC_NO_COMMON_BLOCKS = YES;
				GCC_WARN_64_TO_32_BIT_CONVERSION = YES;
				GCC_WARN_ABOUT_RETURN_TYPE = YES_ERROR;
				GCC_WARN_UNDECLARED_SELECTOR = YES;
				GCC_WARN_UNINITIALIZED_AUTOS = YES_AGGRESSIVE;
				GCC_WARN_UNUSED_FUNCTION = YES;
				GCC_WARN_UNUSED_VARIABLE = YES;
				IPHONEOS_DEPLOYMENT_TARGET = 9.3;
				MTL_ENABLE_DEBUG_INFO = NO;
				SDKROOT = iphoneos;
				TARGETED_DEVICE_FAMILY = "1,2";
				VALIDATE_PRODUCT = YES;
				VERSIONING_SYSTEM = "apple-generic";
				VERSION_INFO_PREFIX = "";
			};
			name = Release;
		};
		D54E0CA61D1168DB00081292 /* Debug */ = {
			isa = XCBuildConfiguration;
			buildSettings = {
				CLANG_ENABLE_MODULES = YES;
				DEFINES_MODULE = YES;
				DYLIB_COMPATIBILITY_VERSION = 1;
				DYLIB_CURRENT_VERSION = 1;
				DYLIB_INSTALL_NAME_BASE = "@rpath";
				ENABLE_BITCODE = NO;
				FRAMEWORK_SEARCH_PATHS = (
					"$(inherited)",
					"$(PROJECT_DIR)/**",
					"$(PROJECT_DIR)",
				);
				INFOPLIST_FILE = EZJson/Info.plist;
				INSTALL_PATH = "$(LOCAL_LIBRARY_DIR)/Frameworks";
				IPHONEOS_DEPLOYMENT_TARGET = 8.0;
				LD_RUNPATH_SEARCH_PATHS = "$(inherited) @executable_path/Frameworks @loader_path/Frameworks";
				ONLY_ACTIVE_ARCH = NO;
				PRODUCT_BUNDLE_IDENTIFIER = Konshin.EZJson;
				PRODUCT_NAME = "$(TARGET_NAME)";
				SKIP_INSTALL = YES;
				SWIFT_OPTIMIZATION_LEVEL = "-Onone";
			};
			name = Debug;
		};
		D54E0CA71D1168DB00081292 /* Release */ = {
			isa = XCBuildConfiguration;
			buildSettings = {
				CLANG_ENABLE_MODULES = YES;
				DEFINES_MODULE = YES;
				DYLIB_COMPATIBILITY_VERSION = 1;
				DYLIB_CURRENT_VERSION = 1;
				DYLIB_INSTALL_NAME_BASE = "@rpath";
				ENABLE_BITCODE = NO;
				FRAMEWORK_SEARCH_PATHS = (
					"$(inherited)",
					"$(PROJECT_DIR)/**",
					"$(PROJECT_DIR)",
				);
				INFOPLIST_FILE = EZJson/Info.plist;
				INSTALL_PATH = "$(LOCAL_LIBRARY_DIR)/Frameworks";
				IPHONEOS_DEPLOYMENT_TARGET = 8.0;
				LD_RUNPATH_SEARCH_PATHS = "$(inherited) @executable_path/Frameworks @loader_path/Frameworks";
				PRODUCT_BUNDLE_IDENTIFIER = Konshin.EZJson;
				PRODUCT_NAME = "$(TARGET_NAME)";
				SKIP_INSTALL = YES;
			};
			name = Release;
		};
		D54E0CA91D1168DB00081292 /* Debug */ = {
			isa = XCBuildConfiguration;
			buildSettings = {
				FRAMEWORK_SEARCH_PATHS = (
					"$(inherited)",
					"$(PROJECT_DIR)",
				);
				INFOPLIST_FILE = EZJsonTests/Info.plist;
				LD_RUNPATH_SEARCH_PATHS = "$(inherited) @executable_path/Frameworks @loader_path/Frameworks";
				PRODUCT_BUNDLE_IDENTIFIER = Konshin.EZJsonTests;
				PRODUCT_NAME = "$(TARGET_NAME)";
			};
			name = Debug;
		};
		D54E0CAA1D1168DB00081292 /* Release */ = {
			isa = XCBuildConfiguration;
			buildSettings = {
				FRAMEWORK_SEARCH_PATHS = (
					"$(inherited)",
					"$(PROJECT_DIR)",
				);
				INFOPLIST_FILE = EZJsonTests/Info.plist;
				LD_RUNPATH_SEARCH_PATHS = "$(inherited) @executable_path/Frameworks @loader_path/Frameworks";
				PRODUCT_BUNDLE_IDENTIFIER = Konshin.EZJsonTests;
				PRODUCT_NAME = "$(TARGET_NAME)";
			};
			name = Release;
		};
/* End XCBuildConfiguration section */

/* Begin XCConfigurationList section */
		D54E0C8B1D1168DB00081292 /* Build configuration list for PBXProject "EZJson" */ = {
			isa = XCConfigurationList;
			buildConfigurations = (
				D54E0CA31D1168DB00081292 /* Debug */,
				D54E0CA41D1168DB00081292 /* Release */,
			);
			defaultConfigurationIsVisible = 0;
			defaultConfigurationName = Release;
		};
		D54E0CA51D1168DB00081292 /* Build configuration list for PBXNativeTarget "EZJson" */ = {
			isa = XCConfigurationList;
			buildConfigurations = (
				D54E0CA61D1168DB00081292 /* Debug */,
				D54E0CA71D1168DB00081292 /* Release */,
			);
			defaultConfigurationIsVisible = 0;
			defaultConfigurationName = Release;
		};
		D54E0CA81D1168DB00081292 /* Build configuration list for PBXNativeTarget "EZJsonTests" */ = {
			isa = XCConfigurationList;
			buildConfigurations = (
				D54E0CA91D1168DB00081292 /* Debug */,
				D54E0CAA1D1168DB00081292 /* Release */,
			);
			defaultConfigurationIsVisible = 0;
			defaultConfigurationName = Release;
		};
/* End XCConfigurationList section */
	};
	rootObject = D54E0C881D1168DB00081292 /* Project object */;
}
